
Microsoft Visual Studio Solution File, Format Version 12.00
# Visual Studio 2012
Project("{FAE04EC0-301F-11D3-BF4B-00C04F79EFBC}") = "libInfra", "libInfra\libInfra.csproj", "{759098A8-6E46-4DFE-9375-B952A4D5BA89}"
EndProject
Project("{FAE04EC0-301F-11D3-BF4B-00C04F79EFBC}") = "TestInfra", "ConsoleApplication1\TestInfra.csproj", "{79A2618C-B3AA-4A15-9C8F-8ED940D0FC10}"
EndProject
Global
	GlobalSection(SolutionConfigurationPlatforms) = preSolution
		Debug|Any CPU = Debug|Any CPU
		Release|Any CPU = Release|Any CPU
	EndGlobalSection
	GlobalSection(ProjectConfigurationPlatforms) = postSolution
		{759098A8-6E46-4DFE-9375-B952A4D5BA89}.Debug|Any CPU.ActiveCfg = Debug|Any CPU
		{759098A8-6E46-4DFE-9375-B952A4D5BA89}.Debug|Any CPU.Build.0 = Debug|Any CPU
		{759098A8-6E46-4DFE-9375-B952A4D5BA89}.Release|Any CPU.ActiveCfg = Release|Any CPU
		{759098A8-6E46-4DFE-9375-B952A4D5BA89}.Release|Any CPU.Build.0 = Release|Any CPU
		{79A2618C-B3AA-4A15-9C8F-8ED940D0FC10}.Debug|Any CPU.ActiveCfg = Debug|Any CPU
		{79A2618C-B3AA-4A15-9C8F-8ED940D0FC10}.Debug|Any CPU.Build.0 = Debug|Any CPU
		{79A2618C-B3AA-4A15-9C8F-8ED940D0FC10}.Release|Any CPU.ActiveCfg = Release|Any CPU
		{79A2618C-B3AA-4A15-9C8F-8ED940D0FC10}.Release|Any CPU.Build.0 = Release|Any CPU
	EndGlobalSection
	GlobalSection(SolutionProperties) = preSolution
		HideSolutionNode = FALSE
	EndGlobalSection
EndGlobal
